// !$*UTF8*$!
{
	archiveVersion = 1;
	classes = {
	};
	objectVersion = 50;
	objects = {

/* Begin PBXBuildFile section */
		03DCB067222DD9640049FB3D /* AppDelegate.swift in Sources */ = {isa = PBXBuildFile; fileRef = 03DCB066222DD9640049FB3D /* AppDelegate.swift */; };
		03DCB069222DD9640049FB3D /* ViewController.swift in Sources */ = {isa = PBXBuildFile; fileRef = 03DCB068222DD9640049FB3D /* ViewController.swift */; };
		03DCB06C222DD9640049FB3D /* Main.storyboard in Resources */ = {isa = PBXBuildFile; fileRef = 03DCB06A222DD9640049FB3D /* Main.storyboard */; };
		03DCB06E222DD9660049FB3D /* Assets.xcassets in Resources */ = {isa = PBXBuildFile; fileRef = 03DCB06D222DD9660049FB3D /* Assets.xcassets */; };
		03DCB071222DD9660049FB3D /* LaunchScreen.storyboard in Resources */ = {isa = PBXBuildFile; fileRef = 03DCB06F222DD9660049FB3D /* LaunchScreen.storyboard */; };
		03DCB07C222DDB920049FB3D /* Configurations.plist in Resources */ = {isa = PBXBuildFile; fileRef = 03DCB07B222DDB920049FB3D /* Configurations.plist */; };
		03DCB07E222DDBD10049FB3D /* Configurations.swift in Sources */ = {isa = PBXBuildFile; fileRef = 03DCB07D222DDBD10049FB3D /* Configurations.swift */; };
		03DCB081222DDF420049FB3D /* MovieDBCloudSource.swift in Sources */ = {isa = PBXBuildFile; fileRef = 03DCB080222DDF420049FB3D /* MovieDBCloudSource.swift */; };
		03DCB084222DE0A50049FB3D /* MovieDBResponseEntity.swift in Sources */ = {isa = PBXBuildFile; fileRef = 03DCB083222DE0A50049FB3D /* MovieDBResponseEntity.swift */; };
		03DCB086222DE0CB0049FB3D /* MovieEntity.swift in Sources */ = {isa = PBXBuildFile; fileRef = 03DCB085222DE0CB0049FB3D /* MovieEntity.swift */; };
		03DCB089222DE2380049FB3D /* Alamofire+Codable.swift in Sources */ = {isa = PBXBuildFile; fileRef = 03DCB088222DE2380049FB3D /* Alamofire+Codable.swift */; };
		E8602028B376338823792463 /* Pods_MovieDBViewer.framework in Frameworks */ = {isa = PBXBuildFile; fileRef = 052EE836CD67DBBED90DF71F /* Pods_MovieDBViewer.framework */; };
/* End PBXBuildFile section */

/* Begin PBXFileReference section */
		03DCB063222DD9640049FB3D /* MovieDBViewer.app */ = {isa = PBXFileReference; explicitFileType = wrapper.application; includeInIndex = 0; path = MovieDBViewer.app; sourceTree = BUILT_PRODUCTS_DIR; };
		03DCB066222DD9640049FB3D /* AppDelegate.swift */ = {isa = PBXFileReference; lastKnownFileType = sourcecode.swift; path = AppDelegate.swift; sourceTree = "<group>"; };
		03DCB068222DD9640049FB3D /* ViewController.swift */ = {isa = PBXFileReference; lastKnownFileType = sourcecode.swift; path = ViewController.swift; sourceTree = "<group>"; };
		03DCB06B222DD9640049FB3D /* Base */ = {isa = PBXFileReference; lastKnownFileType = file.storyboard; name = Base; path = Base.lproj/Main.storyboard; sourceTree = "<group>"; };
		03DCB06D222DD9660049FB3D /* Assets.xcassets */ = {isa = PBXFileReference; lastKnownFileType = folder.assetcatalog; path = Assets.xcassets; sourceTree = "<group>"; };
		03DCB070222DD9660049FB3D /* Base */ = {isa = PBXFileReference; lastKnownFileType = file.storyboard; name = Base; path = Base.lproj/LaunchScreen.storyboard; sourceTree = "<group>"; };
		03DCB072222DD9660049FB3D /* Info.plist */ = {isa = PBXFileReference; lastKnownFileType = text.plist.xml; path = Info.plist; sourceTree = "<group>"; };
		03DCB07B222DDB920049FB3D /* Configurations.plist */ = {isa = PBXFileReference; lastKnownFileType = text.plist.xml; path = Configurations.plist; sourceTree = "<group>"; };
		03DCB07D222DDBD10049FB3D /* Configurations.swift */ = {isa = PBXFileReference; lastKnownFileType = sourcecode.swift; path = Configurations.swift; sourceTree = "<group>"; };
		03DCB080222DDF420049FB3D /* MovieDBCloudSource.swift */ = {isa = PBXFileReference; lastKnownFileType = sourcecode.swift; path = MovieDBCloudSource.swift; sourceTree = "<group>"; };
		03DCB083222DE0A50049FB3D /* MovieDBResponseEntity.swift */ = {isa = PBXFileReference; lastKnownFileType = sourcecode.swift; path = MovieDBResponseEntity.swift; sourceTree = "<group>"; };
		03DCB085222DE0CB0049FB3D /* MovieEntity.swift */ = {isa = PBXFileReference; lastKnownFileType = sourcecode.swift; path = MovieEntity.swift; sourceTree = "<group>"; };
		03DCB088222DE2380049FB3D /* Alamofire+Codable.swift */ = {isa = PBXFileReference; lastKnownFileType = sourcecode.swift; path = "Alamofire+Codable.swift"; sourceTree = "<group>"; };
		052EE836CD67DBBED90DF71F /* Pods_MovieDBViewer.framework */ = {isa = PBXFileReference; explicitFileType = wrapper.framework; includeInIndex = 0; path = Pods_MovieDBViewer.framework; sourceTree = BUILT_PRODUCTS_DIR; };
		47F6EBD84026B84E2EE208B7 /* Pods-MovieDBViewer.release.xcconfig */ = {isa = PBXFileReference; includeInIndex = 1; lastKnownFileType = text.xcconfig; name = "Pods-MovieDBViewer.release.xcconfig"; path = "Pods/Target Support Files/Pods-MovieDBViewer/Pods-MovieDBViewer.release.xcconfig"; sourceTree = "<group>"; };
		53A981A1B6FB208D0CE6ABC5 /* Pods-MovieDBViewer.debug.xcconfig */ = {isa = PBXFileReference; includeInIndex = 1; lastKnownFileType = text.xcconfig; name = "Pods-MovieDBViewer.debug.xcconfig"; path = "Pods/Target Support Files/Pods-MovieDBViewer/Pods-MovieDBViewer.debug.xcconfig"; sourceTree = "<group>"; };
/* End PBXFileReference section */

/* Begin PBXFrameworksBuildPhase section */
		03DCB060222DD9640049FB3D /* Frameworks */ = {
			isa = PBXFrameworksBuildPhase;
			buildActionMask = 2147483647;
			files = (
				E8602028B376338823792463 /* Pods_MovieDBViewer.framework in Frameworks */,
			);
			runOnlyForDeploymentPostprocessing = 0;
		};
/* End PBXFrameworksBuildPhase section */

/* Begin PBXGroup section */
		03DCB05A222DD9640049FB3D = {
			isa = PBXGroup;
			children = (
				03DCB065222DD9640049FB3D /* MovieDBViewer */,
				03DCB064222DD9640049FB3D /* Products */,
				D78962797443FE1A69915A77 /* Pods */,
				7E87DB86D8CF4A02CD503BCE /* Frameworks */,
			);
			sourceTree = "<group>";
		};
		03DCB064222DD9640049FB3D /* Products */ = {
			isa = PBXGroup;
			children = (
				03DCB063222DD9640049FB3D /* MovieDBViewer.app */,
			);
			name = Products;
			sourceTree = "<group>";
		};
		03DCB065222DD9640049FB3D /* MovieDBViewer */ = {
			isa = PBXGroup;
			children = (
				03DCB072222DD9660049FB3D /* Info.plist */,
				03DCB066222DD9640049FB3D /* AppDelegate.swift */,
				03DCB068222DD9640049FB3D /* ViewController.swift */,
				03DCB06D222DD9660049FB3D /* Assets.xcassets */,
				03DCB078222DD9820049FB3D /* Data */,
				03DCB087222DE2210049FB3D /* Extensions */,
				03DCB06F222DD9660049FB3D /* LaunchScreen.storyboard */,
				03DCB06A222DD9640049FB3D /* Main.storyboard */,
				03DCB079222DD9CF0049FB3D /* Modules */,
				03DCB07A222DDB760049FB3D /* Resources */,
			);
			path = MovieDBViewer;
			sourceTree = "<group>";
		};
		03DCB078222DD9820049FB3D /* Data */ = {
			isa = PBXGroup;
			children = (
				03DCB08A222DEBB20049FB3D /* Repository */,
				03DCB082222DDF4A0049FB3D /* Entities */,
				03DCB07F222DDE240049FB3D /* DataSource */,
			);
			path = Data;
			sourceTree = "<group>";
		};
		03DCB079222DD9CF0049FB3D /* Modules */ = {
			isa = PBXGroup;
			children = (
			);
			path = Modules;
			sourceTree = "<group>";
		};
		03DCB07A222DDB760049FB3D /* Resources */ = {
			isa = PBXGroup;
			children = (
				03DCB07B222DDB920049FB3D /* Configurations.plist */,
				03DCB07D222DDBD10049FB3D /* Configurations.swift */,
			);
			path = Resources;
			sourceTree = "<group>";
		};
		03DCB07F222DDE240049FB3D /* DataSource */ = {
			isa = PBXGroup;
			children = (
				03DCB080222DDF420049FB3D /* MovieDBCloudSource.swift */,
			);
			path = DataSource;
			sourceTree = "<group>";
		};
		03DCB082222DDF4A0049FB3D /* Entities */ = {
			isa = PBXGroup;
			children = (
				03DCB083222DE0A50049FB3D /* MovieDBResponseEntity.swift */,
				03DCB085222DE0CB0049FB3D /* MovieEntity.swift */,
			);
			path = Entities;
			sourceTree = "<group>";
		};
		03DCB087222DE2210049FB3D /* Extensions */ = {
			isa = PBXGroup;
			children = (
				03DCB088222DE2380049FB3D /* Alamofire+Codable.swift */,
			);
			path = Extensions;
			sourceTree = "<group>";
		};
		03DCB08A222DEBB20049FB3D /* Repository */ = {
			isa = PBXGroup;
			children = (
			);
			path = Repository;
			sourceTree = "<group>";
		};
		7E87DB86D8CF4A02CD503BCE /* Frameworks */ = {
			isa = PBXGroup;
			children = (
				052EE836CD67DBBED90DF71F /* Pods_MovieDBViewer.framework */,
			);
			name = Frameworks;
			sourceTree = "<group>";
		};
		D78962797443FE1A69915A77 /* Pods */ = {
			isa = PBXGroup;
			children = (
				53A981A1B6FB208D0CE6ABC5 /* Pods-MovieDBViewer.debug.xcconfig */,
				47F6EBD84026B84E2EE208B7 /* Pods-MovieDBViewer.release.xcconfig */,
			);
			name = Pods;
			sourceTree = "<group>";
		};
/* End PBXGroup section */

/* Begin PBXNativeTarget section */
		03DCB062222DD9640049FB3D /* MovieDBViewer */ = {
			isa = PBXNativeTarget;
			buildConfigurationList = 03DCB075222DD9660049FB3D /* Build configuration list for PBXNativeTarget "MovieDBViewer" */;
			buildPhases = (
				8B9F5246849ACD5ECFB431EE /* [CP] Check Pods Manifest.lock */,
				03DCB05F222DD9640049FB3D /* Sources */,
				03DCB060222DD9640049FB3D /* Frameworks */,
				03DCB061222DD9640049FB3D /* Resources */,
				FA9FB03C494FF909A90EE39D /* [CP] Embed Pods Frameworks */,
			);
			buildRules = (
			);
			dependencies = (
			);
			name = MovieDBViewer;
			productName = MovieDBViewer;
			productReference = 03DCB063222DD9640049FB3D /* MovieDBViewer.app */;
			productType = "com.apple.product-type.application";
		};
/* End PBXNativeTarget section */

/* Begin PBXProject section */
		03DCB05B222DD9640049FB3D /* Project object */ = {
			isa = PBXProject;
			attributes = {
				LastSwiftUpdateCheck = 1010;
				LastUpgradeCheck = 1010;
				ORGANIZATIONNAME = "Bastián Véliz Vega";
				TargetAttributes = {
					03DCB062222DD9640049FB3D = {
						CreatedOnToolsVersion = 10.1;
					};
				};
			};
			buildConfigurationList = 03DCB05E222DD9640049FB3D /* Build configuration list for PBXProject "MovieDBViewer" */;
			compatibilityVersion = "Xcode 9.3";
			developmentRegion = en;
			hasScannedForEncodings = 0;
			knownRegions = (
				en,
				Base,
			);
			mainGroup = 03DCB05A222DD9640049FB3D;
			productRefGroup = 03DCB064222DD9640049FB3D /* Products */;
			projectDirPath = "";
			projectRoot = "";
			targets = (
				03DCB062222DD9640049FB3D /* MovieDBViewer */,
			);
		};
/* End PBXProject section */

/* Begin PBXResourcesBuildPhase section */
		03DCB061222DD9640049FB3D /* Resources */ = {
			isa = PBXResourcesBuildPhase;
			buildActionMask = 2147483647;
			files = (
				03DCB071222DD9660049FB3D /* LaunchScreen.storyboard in Resources */,
				03DCB07C222DDB920049FB3D /* Configurations.plist in Resources */,
				03DCB06E222DD9660049FB3D /* Assets.xcassets in Resources */,
				03DCB06C222DD9640049FB3D /* Main.storyboard in Resources */,
			);
			runOnlyForDeploymentPostprocessing = 0;
		};
/* End PBXResourcesBuildPhase section */

/* Begin PBXShellScriptBuildPhase section */
		8B9F5246849ACD5ECFB431EE /* [CP] Check Pods Manifest.lock */ = {
			isa = PBXShellScriptBuildPhase;
			buildActionMask = 2147483647;
			files = (
			);
			inputFileListPaths = (
			);
			inputPaths = (
				"${PODS_PODFILE_DIR_PATH}/Podfile.lock",
				"${PODS_ROOT}/Manifest.lock",
			);
			name = "[CP] Check Pods Manifest.lock";
			outputFileListPaths = (
			);
			outputPaths = (
				"$(DERIVED_FILE_DIR)/Pods-MovieDBViewer-checkManifestLockResult.txt",
			);
			runOnlyForDeploymentPostprocessing = 0;
			shellPath = /bin/sh;
			shellScript = "diff \"${PODS_PODFILE_DIR_PATH}/Podfile.lock\" \"${PODS_ROOT}/Manifest.lock\" > /dev/null\nif [ $? != 0 ] ; then\n    # print error to STDERR\n    echo \"error: The sandbox is not in sync with the Podfile.lock. Run 'pod install' or update your CocoaPods installation.\" >&2\n    exit 1\nfi\n# This output is used by Xcode 'outputs' to avoid re-running this script phase.\necho \"SUCCESS\" > \"${SCRIPT_OUTPUT_FILE_0}\"\n";
			showEnvVarsInLog = 0;
		};
		FA9FB03C494FF909A90EE39D /* [CP] Embed Pods Frameworks */ = {
			isa = PBXShellScriptBuildPhase;
			buildActionMask = 2147483647;
			files = (
			);
			inputFileListPaths = (
			);
			inputPaths = (
				"${SRCROOT}/Pods/Target Support Files/Pods-MovieDBViewer/Pods-MovieDBViewer-frameworks.sh",
				"${BUILT_PRODUCTS_DIR}/Alamofire/Alamofire.framework",
				"${BUILT_PRODUCTS_DIR}/SDWebImage/SDWebImage.framework",
			);
			name = "[CP] Embed Pods Frameworks";
			outputFileListPaths = (
			);
			outputPaths = (
				"${TARGET_BUILD_DIR}/${FRAMEWORKS_FOLDER_PATH}/Alamofire.framework",
				"${TARGET_BUILD_DIR}/${FRAMEWORKS_FOLDER_PATH}/SDWebImage.framework",
			);
			runOnlyForDeploymentPostprocessing = 0;
			shellPath = /bin/sh;
			shellScript = "\"${SRCROOT}/Pods/Target Support Files/Pods-MovieDBViewer/Pods-MovieDBViewer-frameworks.sh\"\n";
			showEnvVarsInLog = 0;
		};
/* End PBXShellScriptBuildPhase section */

/* Begin PBXSourcesBuildPhase section */
		03DCB05F222DD9640049FB3D /* Sources */ = {
			isa = PBXSourcesBuildPhase;
			buildActionMask = 2147483647;
			files = (
				03DCB084222DE0A50049FB3D /* MovieDBResponseEntity.swift in Sources */,
				03DCB069222DD9640049FB3D /* ViewController.swift in Sources */,
				03DCB089222DE2380049FB3D /* Alamofire+Codable.swift in Sources */,
				03DCB081222DDF420049FB3D /* MovieDBCloudSource.swift in Sources */,
				03DCB086222DE0CB0049FB3D /* MovieEntity.swift in Sources */,
				03DCB067222DD9640049FB3D /* AppDelegate.swift in Sources */,
				03DCB07E222DDBD10049FB3D /* Configurations.swift in Sources */,
			);
			runOnlyForDeploymentPostprocessing = 0;
		};
/* End PBXSourcesBuildPhase section */

/* Begin PBXVariantGroup section */
		03DCB06A222DD9640049FB3D /* Main.storyboard */ = {
			isa = PBXVariantGroup;
			children = (
				03DCB06B222DD9640049FB3D /* Base */,
			);
			name = Main.storyboard;
			sourceTree = "<group>";
		};
		03DCB06F222DD9660049FB3D /* LaunchScreen.storyboard */ = {
			isa = PBXVariantGroup;
			children = (
				03DCB070222DD9660049FB3D /* Base */,
			);
			name = LaunchScreen.storyboard;
			sourceTree = "<group>";
		};
/* End PBXVariantGroup section */

/* Begin XCBuildConfiguration section */
		03DCB073222DD9660049FB3D /* Debug */ = {
			isa = XCBuildConfiguration;
			buildSettings = {
				ALWAYS_SEARCH_USER_PATHS = NO;
				CLANG_ANALYZER_NONNULL = YES;
				CLANG_ANALYZER_NUMBER_OBJECT_CONVERSION = YES_AGGRESSIVE;
				CLANG_CXX_LANGUAGE_STANDARD = "gnu++14";
				CLANG_CXX_LIBRARY = "libc++";
				CLANG_ENABLE_MODULES = YES;
				CLANG_ENABLE_OBJC_ARC = YES;
				CLANG_ENABLE_OBJC_WEAK = YES;
				CLANG_WARN_BLOCK_CAPTURE_AUTORELEASING = YES;
				CLANG_WARN_BOOL_CONVERSION = YES;
				CLANG_WARN_COMMA = YES;
				CLANG_WARN_CONSTANT_CONVERSION = YES;
				CLANG_WARN_DEPRECATED_OBJC_IMPLEMENTATIONS = YES;
				CLANG_WARN_DIRECT_OBJC_ISA_USAGE = YES_ERROR;
				CLANG_WARN_DOCUMENTATION_COMMENTS = YES;
				CLANG_WARN_EMPTY_BODY = YES;
				CLANG_WARN_ENUM_CONVERSION = YES;
				CLANG_WARN_INFINITE_RECURSION = YES;
				CLANG_WARN_INT_CONVERSION = YES;
				CLANG_WARN_NON_LITERAL_NULL_CONVERSION = YES;
				CLANG_WARN_OBJC_IMPLICIT_RETAIN_SELF = YES;
				CLANG_WARN_OBJC_LITERAL_CONVERSION = YES;
				CLANG_WARN_OBJC_ROOT_CLASS = YES_ERROR;
				CLANG_WARN_RANGE_LOOP_ANALYSIS = YES;
				CLANG_WARN_STRICT_PROTOTYPES = YES;
				CLANG_WARN_SUSPICIOUS_MOVE = YES;
				CLANG_WARN_UNGUARDED_AVAILABILITY = YES_AGGRESSIVE;
				CLANG_WARN_UNREACHABLE_CODE = YES;
				CLANG_WARN__DUPLICATE_METHOD_MATCH = YES;
				CODE_SIGN_IDENTITY = "iPhone Developer";
				COPY_PHASE_STRIP = NO;
				DEBUG_INFORMATION_FORMAT = dwarf;
				ENABLE_STRICT_OBJC_MSGSEND = YES;
				ENABLE_TESTABILITY = YES;
				GCC_C_LANGUAGE_STANDARD = gnu11;
				GCC_DYNAMIC_NO_PIC = NO;
				GCC_NO_COMMON_BLOCKS = YES;
				GCC_OPTIMIZATION_LEVEL = 0;
				GCC_PREPROCESSOR_DEFINITIONS = (
					"DEBUG=1",
					"$(inherited)",
				);
				GCC_WARN_64_TO_32_BIT_CONVERSION = YES;
				GCC_WARN_ABOUT_RETURN_TYPE = YES_ERROR;
				GCC_WARN_UNDECLARED_SELECTOR = YES;
				GCC_WARN_UNINITIALIZED_AUTOS = YES_AGGRESSIVE;
				GCC_WARN_UNUSED_FUNCTION = YES;
				GCC_WARN_UNUSED_VARIABLE = YES;
				IPHONEOS_DEPLOYMENT_TARGET = 12.1;
				MTL_ENABLE_DEBUG_INFO = INCLUDE_SOURCE;
				MTL_FAST_MATH = YES;
				ONLY_ACTIVE_ARCH = YES;
				SDKROOT = iphoneos;
				SWIFT_ACTIVE_COMPILATION_CONDITIONS = DEBUG;
				SWIFT_OPTIMIZATION_LEVEL = "-Onone";
			};
			name = Debug;
		};
		03DCB074222DD9660049FB3D /* Release */ = {
			isa = XCBuildConfiguration;
			buildSettings = {
				ALWAYS_SEARCH_USER_PATHS = NO;
				CLANG_ANALYZER_NONNULL = YES;
				CLANG_ANALYZER_NUMBER_OBJECT_CONVERSION = YES_AGGRESSIVE;
				CLANG_CXX_LANGUAGE_STANDARD = "gnu++14";
				CLANG_CXX_LIBRARY = "libc++";
				CLANG_ENABLE_MODULES = YES;
				CLANG_ENABLE_OBJC_ARC = YES;
				CLANG_ENABLE_OBJC_WEAK = YES;
				CLANG_WARN_BLOCK_CAPTURE_AUTORELEASING = YES;
				CLANG_WARN_BOOL_CONVERSION = YES;
				CLANG_WARN_COMMA = YES;
				CLANG_WARN_CONSTANT_CONVERSION = YES;
				CLANG_WARN_DEPRECATED_OBJC_IMPLEMENTATIONS = YES;
				CLANG_WARN_DIRECT_OBJC_ISA_USAGE = YES_ERROR;
				CLANG_WARN_DOCUMENTATION_COMMENTS = YES;
				CLANG_WARN_EMPTY_BODY = YES;
				CLANG_WARN_ENUM_CONVERSION = YES;
				CLANG_WARN_INFINITE_RECURSION = YES;
				CLANG_WARN_INT_CONVERSION = YES;
				CLANG_WARN_NON_LITERAL_NULL_CONVERSION = YES;
				CLANG_WARN_OBJC_IMPLICIT_RETAIN_SELF = YES;
				CLANG_WARN_OBJC_LITERAL_CONVERSION = YES;
				CLANG_WARN_OBJC_ROOT_CLASS = YES_ERROR;
				CLANG_WARN_RANGE_LOOP_ANALYSIS = YES;
				CLANG_WARN_STRICT_PROTOTYPES = YES;
				CLANG_WARN_SUSPICIOUS_MOVE = YES;
				CLANG_WARN_UNGUARDED_AVAILABILITY = YES_AGGRESSIVE;
				CLANG_WARN_UNREACHABLE_CODE = YES;
				CLANG_WARN__DUPLICATE_METHOD_MATCH = YES;
				CODE_SIGN_IDENTITY = "iPhone Developer";
				COPY_PHASE_STRIP = NO;
				DEBUG_INFORMATION_FORMAT = "dwarf-with-dsym";
				ENABLE_NS_ASSERTIONS = NO;
				ENABLE_STRICT_OBJC_MSGSEND = YES;
				GCC_C_LANGUAGE_STANDARD = gnu11;
				GCC_NO_COMMON_BLOCKS = YES;
				GCC_WARN_64_TO_32_BIT_CONVERSION = YES;
				GCC_WARN_ABOUT_RETURN_TYPE = YES_ERROR;
				GCC_WARN_UNDECLARED_SELECTOR = YES;
				GCC_WARN_UNINITIALIZED_AUTOS = YES_AGGRESSIVE;
				GCC_WARN_UNUSED_FUNCTION = YES;
				GCC_WARN_UNUSED_VARIABLE = YES;
				IPHONEOS_DEPLOYMENT_TARGET = 12.1;
				MTL_ENABLE_DEBUG_INFO = NO;
				MTL_FAST_MATH = YES;
				SDKROOT = iphoneos;
				SWIFT_COMPILATION_MODE = wholemodule;
				SWIFT_OPTIMIZATION_LEVEL = "-O";
				VALIDATE_PRODUCT = YES;
			};
			name = Release;
		};
		03DCB076222DD9660049FB3D /* Debug */ = {
			isa = XCBuildConfiguration;
			baseConfigurationReference = 53A981A1B6FB208D0CE6ABC5 /* Pods-MovieDBViewer.debug.xcconfig */;
			buildSettings = {
				ASSETCATALOG_COMPILER_APPICON_NAME = AppIcon;
				CODE_SIGN_STYLE = Automatic;
				DEVELOPMENT_TEAM = 48L72N5ZP6;
				INFOPLIST_FILE = MovieDBViewer/Info.plist;
				LD_RUNPATH_SEARCH_PATHS = (
					"$(inherited)",
					"@executable_path/Frameworks",
				);
				PRODUCT_BUNDLE_IDENTIFIER = bastianx6.MovieDBViewer;
				PRODUCT_NAME = "$(TARGET_NAME)";
				SWIFT_VERSION = 4.2;
				TARGETED_DEVICE_FAMILY = "1,2";
			};
			name = Debug;
		};
		03DCB077222DD9660049FB3D /* Release */ = {
			isa = XCBuildConfiguration;
			baseConfigurationReference = 47F6EBD84026B84E2EE208B7 /* Pods-MovieDBViewer.release.xcconfig */;
			buildSettings = {
				ASSETCATALOG_COMPILER_APPICON_NAME = AppIcon;
				CODE_SIGN_STYLE = Automatic;
				DEVELOPMENT_TEAM = 48L72N5ZP6;
				INFOPLIST_FILE = MovieDBViewer/Info.plist;
				LD_RUNPATH_SEARCH_PATHS = (
					"$(inherited)",
					"@executable_path/Frameworks",
				);
				PRODUCT_BUNDLE_IDENTIFIER = bastianx6.MovieDBViewer;
				PRODUCT_NAME = "$(TARGET_NAME)";
				SWIFT_VERSION = 4.2;
				TARGETED_DEVICE_FAMILY = "1,2";
			};
			name = Release;
		};
/* End XCBuildConfiguration section */

/* Begin XCConfigurationList section */
		03DCB05E222DD9640049FB3D /* Build configuration list for PBXProject "MovieDBViewer" */ = {
			isa = XCConfigurationList;
			buildConfigurations = (
				03DCB073222DD9660049FB3D /* Debug */,
				03DCB074222DD9660049FB3D /* Release */,
			);
			defaultConfigurationIsVisible = 0;
			defaultConfigurationName = Release;
		};
		03DCB075222DD9660049FB3D /* Build configuration list for PBXNativeTarget "MovieDBViewer" */ = {
			isa = XCConfigurationList;
			buildConfigurations = (
				03DCB076222DD9660049FB3D /* Debug */,
				03DCB077222DD9660049FB3D /* Release */,
			);
			defaultConfigurationIsVisible = 0;
			defaultConfigurationName = Release;
		};
/* End XCConfigurationList section */
	};
	rootObject = 03DCB05B222DD9640049FB3D /* Project object */;
}
